// !$*UTF8*$!
{
	archiveVersion = 1;
	classes = {
	};
	objectVersion = 50;
	objects = {

/* Begin PBXBuildFile section */
		31D6F73D25B73F5900237085 /* AlertExt.swift in Sources */ = {isa = PBXBuildFile; fileRef = 31D6F73C25B73F5900237085 /* AlertExt.swift */; };
		31DAB17625B5F52300109E10 /* AppDelegate.swift in Sources */ = {isa = PBXBuildFile; fileRef = 31DAB17525B5F52300109E10 /* AppDelegate.swift */; };
		31DAB17825B5F52300109E10 /* SceneDelegate.swift in Sources */ = {isa = PBXBuildFile; fileRef = 31DAB17725B5F52300109E10 /* SceneDelegate.swift */; };
		31DAB17A25B5F52300109E10 /* ViewController.swift in Sources */ = {isa = PBXBuildFile; fileRef = 31DAB17925B5F52300109E10 /* ViewController.swift */; };
		31DAB17F25B5F52500109E10 /* Assets.xcassets in Resources */ = {isa = PBXBuildFile; fileRef = 31DAB17E25B5F52500109E10 /* Assets.xcassets */; };
		31DAB18225B5F52500109E10 /* LaunchScreen.storyboard in Resources */ = {isa = PBXBuildFile; fileRef = 31DAB18025B5F52500109E10 /* LaunchScreen.storyboard */; };
		31DAB18F25B5F77600109E10 /* AstronomyPictureAPI.swift in Sources */ = {isa = PBXBuildFile; fileRef = 31DAB18E25B5F77600109E10 /* AstronomyPictureAPI.swift */; };
		31DAB19325B5F7B900109E10 /* AstronomyPicture.swift in Sources */ = {isa = PBXBuildFile; fileRef = 31DAB19225B5F7B900109E10 /* AstronomyPicture.swift */; };
/* End PBXBuildFile section */

/* Begin PBXFileReference section */
		31D6F73C25B73F5900237085 /* AlertExt.swift */ = {isa = PBXFileReference; lastKnownFileType = sourcecode.swift; path = AlertExt.swift; sourceTree = "<group>"; };
		31DAB17225B5F52300109E10 /* NASA Picture of the Day.app */ = {isa = PBXFileReference; explicitFileType = wrapper.application; includeInIndex = 0; path = "NASA Picture of the Day.app"; sourceTree = BUILT_PRODUCTS_DIR; };
		31DAB17525B5F52300109E10 /* AppDelegate.swift */ = {isa = PBXFileReference; lastKnownFileType = sourcecode.swift; path = AppDelegate.swift; sourceTree = "<group>"; };
		31DAB17725B5F52300109E10 /* SceneDelegate.swift */ = {isa = PBXFileReference; lastKnownFileType = sourcecode.swift; path = SceneDelegate.swift; sourceTree = "<group>"; };
		31DAB17925B5F52300109E10 /* ViewController.swift */ = {isa = PBXFileReference; lastKnownFileType = sourcecode.swift; path = ViewController.swift; sourceTree = "<group>"; };
		31DAB17E25B5F52500109E10 /* Assets.xcassets */ = {isa = PBXFileReference; lastKnownFileType = folder.assetcatalog; path = Assets.xcassets; sourceTree = "<group>"; };
		31DAB18125B5F52500109E10 /* Base */ = {isa = PBXFileReference; lastKnownFileType = file.storyboard; name = Base; path = Base.lproj/LaunchScreen.storyboard; sourceTree = "<group>"; };
		31DAB18325B5F52500109E10 /* Info.plist */ = {isa = PBXFileReference; lastKnownFileType = text.plist.xml; path = Info.plist; sourceTree = "<group>"; };
		31DAB18E25B5F77600109E10 /* AstronomyPictureAPI.swift */ = {isa = PBXFileReference; lastKnownFileType = sourcecode.swift; path = AstronomyPictureAPI.swift; sourceTree = "<group>"; };
		31DAB19225B5F7B900109E10 /* AstronomyPicture.swift */ = {isa = PBXFileReference; lastKnownFileType = sourcecode.swift; path = AstronomyPicture.swift; sourceTree = "<group>"; };
/* End PBXFileReference section */

/* Begin PBXFrameworksBuildPhase section */
		31DAB16F25B5F52300109E10 /* Frameworks */ = {
			isa = PBXFrameworksBuildPhase;
			buildActionMask = 2147483647;
			files = (
			);
			runOnlyForDeploymentPostprocessing = 0;
		};
/* End PBXFrameworksBuildPhase section */

/* Begin PBXGroup section */
		31DAB16925B5F52300109E10 = {
			isa = PBXGroup;
			children = (
				31DAB17425B5F52300109E10 /* NASA Picture of the Day */,
				31DAB17325B5F52300109E10 /* Products */,
			);
			sourceTree = "<group>";
		};
		31DAB17325B5F52300109E10 /* Products */ = {
			isa = PBXGroup;
			children = (
				31DAB17225B5F52300109E10 /* NASA Picture of the Day.app */,
			);
			name = Products;
			sourceTree = "<group>";
		};
		31DAB17425B5F52300109E10 /* NASA Picture of the Day */ = {
			isa = PBXGroup;
			children = (
				31DAB18D25B5F75B00109E10 /* Model */,
				31DAB19925B5F87500109E10 /* Controller */,
				31DAB19A25B5F89B00109E10 /* View */,
				31DAB18325B5F52500109E10 /* Info.plist */,
			);
			path = "NASA Picture of the Day";
			sourceTree = "<group>";
		};
		31DAB18D25B5F75B00109E10 /* Model */ = {
			isa = PBXGroup;
			children = (
				31DAB18E25B5F77600109E10 /* AstronomyPictureAPI.swift */,
				31DAB19225B5F7B900109E10 /* AstronomyPicture.swift */,
			);
			path = Model;
			sourceTree = "<group>";
		};
		31DAB19925B5F87500109E10 /* Controller */ = {
			isa = PBXGroup;
			children = (
				31DAB17925B5F52300109E10 /* ViewController.swift */,
				31D6F73C25B73F5900237085 /* AlertExt.swift */,
				31DAB17525B5F52300109E10 /* AppDelegate.swift */,
				31DAB17725B5F52300109E10 /* SceneDelegate.swift */,
			);
			path = Controller;
			sourceTree = "<group>";
		};
		31DAB19A25B5F89B00109E10 /* View */ = {
			isa = PBXGroup;
			children = (
				31DAB17E25B5F52500109E10 /* Assets.xcassets */,
				31DAB18025B5F52500109E10 /* LaunchScreen.storyboard */,
			);
			path = View;
			sourceTree = "<group>";
		};
/* End PBXGroup section */

/* Begin PBXNativeTarget section */
		31DAB17125B5F52300109E10 /* NASA Picture of the Day */ = {
			isa = PBXNativeTarget;
			buildConfigurationList = 31DAB18625B5F52500109E10 /* Build configuration list for PBXNativeTarget "NASA Picture of the Day" */;
			buildPhases = (
				31DAB16E25B5F52300109E10 /* Sources */,
				31DAB16F25B5F52300109E10 /* Frameworks */,
				31DAB17025B5F52300109E10 /* Resources */,
			);
			buildRules = (
			);
			dependencies = (
			);
			name = "NASA Picture of the Day";
			productName = "NASA Picture of the Day";
			productReference = 31DAB17225B5F52300109E10 /* NASA Picture of the Day.app */;
			productType = "com.apple.product-type.application";
		};
/* End PBXNativeTarget section */

/* Begin PBXProject section */
		31DAB16A25B5F52300109E10 /* Project object */ = {
			isa = PBXProject;
			attributes = {
				LastSwiftUpdateCheck = 1230;
				LastUpgradeCheck = 1230;
				TargetAttributes = {
					31DAB17125B5F52300109E10 = {
						CreatedOnToolsVersion = 12.3;
					};
				};
			};
			buildConfigurationList = 31DAB16D25B5F52300109E10 /* Build configuration list for PBXProject "NASA Picture of the Day" */;
			compatibilityVersion = "Xcode 9.3";
			developmentRegion = en;
			hasScannedForEncodings = 0;
			knownRegions = (
				en,
				Base,
			);
			mainGroup = 31DAB16925B5F52300109E10;
			productRefGroup = 31DAB17325B5F52300109E10 /* Products */;
			projectDirPath = "";
			projectRoot = "";
			targets = (
				31DAB17125B5F52300109E10 /* NASA Picture of the Day */,
			);
		};
/* End PBXProject section */

/* Begin PBXResourcesBuildPhase section */
		31DAB17025B5F52300109E10 /* Resources */ = {
			isa = PBXResourcesBuildPhase;
			buildActionMask = 2147483647;
			files = (
				31DAB18225B5F52500109E10 /* LaunchScreen.storyboard in Resources */,
				31DAB17F25B5F52500109E10 /* Assets.xcassets in Resources */,
			);
			runOnlyForDeploymentPostprocessing = 0;
		};
/* End PBXResourcesBuildPhase section */

/* Begin PBXSourcesBuildPhase section */
		31DAB16E25B5F52300109E10 /* Sources */ = {
			isa = PBXSourcesBuildPhase;
			buildActionMask = 2147483647;
			files = (
				31D6F73D25B73F5900237085 /* AlertExt.swift in Sources */,
				31DAB17A25B5F52300109E10 /* ViewController.swift in Sources */,
				31DAB19325B5F7B900109E10 /* AstronomyPicture.swift in Sources */,
				31DAB17625B5F52300109E10 /* AppDelegate.swift in Sources */,
				31DAB18F25B5F77600109E10 /* AstronomyPictureAPI.swift in Sources */,
				31DAB17825B5F52300109E10 /* SceneDelegate.swift in Sources */,
			);
			runOnlyForDeploymentPostprocessing = 0;
		};
/* End PBXSourcesBuildPhase section */

/* Begin PBXVariantGroup section */
		31DAB18025B5F52500109E10 /* LaunchScreen.storyboard */ = {
			isa = PBXVariantGroup;
			children = (
				31DAB18125B5F52500109E10 /* Base */,
			);
			name = LaunchScreen.storyboard;
			sourceTree = "<group>";
		};
/* End PBXVariantGroup section */

/* Begin XCBuildConfiguration section */
		31DAB18425B5F52500109E10 /* Debug */ = {
			isa = XCBuildConfiguration;
			buildSettings = {
				ALWAYS_SEARCH_USER_PATHS = NO;
				CLANG_ANALYZER_NONNULL = YES;
				CLANG_ANALYZER_NUMBER_OBJECT_CONVERSION = YES_AGGRESSIVE;
				CLANG_CXX_LANGUAGE_STANDARD = "gnu++14";
				CLANG_CXX_LIBRARY = "libc++";
				CLANG_ENABLE_MODULES = YES;
				CLANG_ENABLE_OBJC_ARC = YES;
				CLANG_ENABLE_OBJC_WEAK = YES;
				CLANG_WARN_BLOCK_CAPTURE_AUTORELEASING = YES;
				CLANG_WARN_BOOL_CONVERSION = YES;
				CLANG_WARN_COMMA = YES;
				CLANG_WARN_CONSTANT_CONVERSION = YES;
				CLANG_WARN_DEPRECATED_OBJC_IMPLEMENTATIONS = YES;
				CLANG_WARN_DIRECT_OBJC_ISA_USAGE = YES_ERROR;
				CLANG_WARN_DOCUMENTATION_COMMENTS = YES;
				CLANG_WARN_EMPTY_BODY = YES;
				CLANG_WARN_ENUM_CONVERSION = YES;
				CLANG_WARN_INFINITE_RECURSION = YES;
				CLANG_WARN_INT_CONVERSION = YES;
				CLANG_WARN_NON_LITERAL_NULL_CONVERSION = YES;
				CLANG_WARN_OBJC_IMPLICIT_RETAIN_SELF = YES;
				CLANG_WARN_OBJC_LITERAL_CONVERSION = YES;
				CLANG_WARN_OBJC_ROOT_CLASS = YES_ERROR;
				CLANG_WARN_QUOTED_INCLUDE_IN_FRAMEWORK_HEADER = YES;
				CLANG_WARN_RANGE_LOOP_ANALYSIS = YES;
				CLANG_WARN_STRICT_PROTOTYPES = YES;
				CLANG_WARN_SUSPICIOUS_MOVE = YES;
				CLANG_WARN_UNGUARDED_AVAILABILITY = YES_AGGRESSIVE;
				CLANG_WARN_UNREACHABLE_CODE = YES;
				CLANG_WARN__DUPLICATE_METHOD_MATCH = YES;
				COPY_PHASE_STRIP = NO;
				DEBUG_INFORMATION_FORMAT = dwarf;
				ENABLE_STRICT_OBJC_MSGSEND = YES;
				ENABLE_TESTABILITY = YES;
				GCC_C_LANGUAGE_STANDARD = gnu11;
				GCC_DYNAMIC_NO_PIC = NO;
				GCC_NO_COMMON_BLOCKS = YES;
				GCC_OPTIMIZATION_LEVEL = 0;
				GCC_PREPROCESSOR_DEFINITIONS = (
					"DEBUG=1",
					"$(inherited)",
				);
				GCC_WARN_64_TO_32_BIT_CONVERSION = YES;
				GCC_WARN_ABOUT_RETURN_TYPE = YES_ERROR;
				GCC_WARN_UNDECLARED_SELECTOR = YES;
				GCC_WARN_UNINITIALIZED_AUTOS = YES_AGGRESSIVE;
				GCC_WARN_UNUSED_FUNCTION = YES;
				GCC_WARN_UNUSED_VARIABLE = YES;
				IPHONEOS_DEPLOYMENT_TARGET = 14.3;
				MTL_ENABLE_DEBUG_INFO = INCLUDE_SOURCE;
				MTL_FAST_MATH = YES;
				ONLY_ACTIVE_ARCH = YES;
				SDKROOT = iphoneos;
				SWIFT_ACTIVE_COMPILATION_CONDITIONS = DEBUG;
				SWIFT_OPTIMIZATION_LEVEL = "-Onone";
			};
			name = Debug;
		};
		31DAB18525B5F52500109E10 /* Release */ = {
			isa = XCBuildConfiguration;
			buildSettings = {
				ALWAYS_SEARCH_USER_PATHS = NO;
				CLANG_ANALYZER_NONNULL = YES;
				CLANG_ANALYZER_NUMBER_OBJECT_CONVERSION = YES_AGGRESSIVE;
				CLANG_CXX_LANGUAGE_STANDARD = "gnu++14";
				CLANG_CXX_LIBRARY = "libc++";
				CLANG_ENABLE_MODULES = YES;
				CLANG_ENABLE_OBJC_ARC = YES;
				CLANG_ENABLE_OBJC_WEAK = YES;
				CLANG_WARN_BLOCK_CAPTURE_AUTORELEASING = YES;
				CLANG_WARN_BOOL_CONVERSION = YES;
				CLANG_WARN_COMMA = YES;
				CLANG_WARN_CONSTANT_CONVERSION = YES;
				CLANG_WARN_DEPRECATED_OBJC_IMPLEMENTATIONS = YES;
				CLANG_WARN_DIRECT_OBJC_ISA_USAGE = YES_ERROR;
				CLANG_WARN_DOCUMENTATION_COMMENTS = YES;
				CLANG_WARN_EMPTY_BODY = YES;
				CLANG_WARN_ENUM_CONVERSION = YES;
				CLANG_WARN_INFINITE_RECURSION = YES;
				CLANG_WARN_INT_CONVERSION = YES;
				CLANG_WARN_NON_LITERAL_NULL_CONVERSION = YES;
				CLANG_WARN_OBJC_IMPLICIT_RETAIN_SELF = YES;
				CLANG_WARN_OBJC_LITERAL_CONVERSION = YES;
				CLANG_WARN_OBJC_ROOT_CLASS = YES_ERROR;
				CLANG_WARN_QUOTED_INCLUDE_IN_FRAMEWORK_HEADER = YES;
				CLANG_WARN_RANGE_LOOP_ANALYSIS = YES;
				CLANG_WARN_STRICT_PROTOTYPES = YES;
				CLANG_WARN_SUSPICIOUS_MOVE = YES;
				CLANG_WARN_UNGUARDED_AVAILABILITY = YES_AGGRESSIVE;
				CLANG_WARN_UNREACHABLE_CODE = YES;
				CLANG_WARN__DUPLICATE_METHOD_MATCH = YES;
				COPY_PHASE_STRIP = NO;
				DEBUG_INFORMATION_FORMAT = "dwarf-with-dsym";
				ENABLE_NS_ASSERTIONS = NO;
				ENABLE_STRICT_OBJC_MSGSEND = YES;
				GCC_C_LANGUAGE_STANDARD = gnu11;
				GCC_NO_COMMON_BLOCKS = YES;
				GCC_WARN_64_TO_32_BIT_CONVERSION = YES;
				GCC_WARN_ABOUT_RETURN_TYPE = YES_ERROR;
				GCC_WARN_UNDECLARED_SELECTOR = YES;
				GCC_WARN_UNINITIALIZED_AUTOS = YES_AGGRESSIVE;
				GCC_WARN_UNUSED_FUNCTION = YES;
				GCC_WARN_UNUSED_VARIABLE = YES;
				IPHONEOS_DEPLOYMENT_TARGET = 14.3;
				MTL_ENABLE_DEBUG_INFO = NO;
				MTL_FAST_MATH = YES;
				SDKROOT = iphoneos;
				SWIFT_COMPILATION_MODE = wholemodule;
				SWIFT_OPTIMIZATION_LEVEL = "-O";
				VALIDATE_PRODUCT = YES;
			};
			name = Release;
		};
		31DAB18725B5F52500109E10 /* Debug */ = {
			isa = XCBuildConfiguration;
			buildSettings = {
				ASSETCATALOG_COMPILER_APPICON_NAME = AppIcon;
				ASSETCATALOG_COMPILER_GLOBAL_ACCENT_COLOR_NAME = AccentColor;
				CODE_SIGN_STYLE = Automatic;
				DEVELOPMENT_TEAM = 85965G969V;
				INFOPLIST_FILE = "NASA Picture of the Day/Info.plist";
				LD_RUNPATH_SEARCH_PATHS = (
					"$(inherited)",
					"@executable_path/Frameworks",
				);
				PRODUCT_BUNDLE_IDENTIFIER = "elina-mansurova.NASA-Picture-of-the-Day";
				PRODUCT_NAME = "$(TARGET_NAME)";
				SWIFT_VERSION = 5.0;
				TARGETED_DEVICE_FAMILY = "1,2";
			};
			name = Debug;
		};
		31DAB18825B5F52500109E10 /* Release */ = {
			isa = XCBuildConfiguration;
			buildSettings = {
				ASSETCATALOG_COMPILER_APPICON_NAME = AppIcon;
				ASSETCATALOG_COMPILER_GLOBAL_ACCENT_COLOR_NAME = AccentColor;
				CODE_SIGN_STYLE = Automatic;
				DEVELOPMENT_TEAM = 85965G969V;
				INFOPLIST_FILE = "NASA Picture of the Day/Info.plist";
				LD_RUNPATH_SEARCH_PATHS = (
					"$(inherited)",
					"@executable_path/Frameworks",
				);
				PRODUCT_BUNDLE_IDENTIFIER = "elina-mansurova.NASA-Picture-of-the-Day";
				PRODUCT_NAME = "$(TARGET_NAME)";
				SWIFT_VERSION = 5.0;
				TARGETED_DEVICE_FAMILY = "1,2";
			};
			name = Release;
		};
/* End XCBuildConfiguration section */

/* Begin XCConfigurationList section */
		31DAB16D25B5F52300109E10 /* Build configuration list for PBXProject "NASA Picture of the Day" */ = {
			isa = XCConfigurationList;
			buildConfigurations = (
				31DAB18425B5F52500109E10 /* Debug */,
				31DAB18525B5F52500109E10 /* Release */,
			);
			defaultConfigurationIsVisible = 0;
			defaultConfigurationName = Release;
		};
		31DAB18625B5F52500109E10 /* Build configuration list for PBXNativeTarget "NASA Picture of the Day" */ = {
			isa = XCConfigurationList;
			buildConfigurations = (
				31DAB18725B5F52500109E10 /* Debug */,
				31DAB18825B5F52500109E10 /* Release */,
			);
			defaultConfigurationIsVisible = 0;
			defaultConfigurationName = Release;
		};
/* End XCConfigurationList section */
	};
	rootObject = 31DAB16A25B5F52300109E10 /* Project object */;
}
